// !$*UTF8*$!
{
	archiveVersion = 1;
	classes = {
	};
	objectVersion = 55;
	objects = {

/* Begin PBXBuildFile section */
		D809E2F6289139E600E862A7 /* CardView.swift in Sources */ = {isa = PBXBuildFile; fileRef = D809E2F5289139E600E862A7 /* CardView.swift */; };
		D809E2F82891508800E862A7 /* TransactionHistoryRow.swift in Sources */ = {isa = PBXBuildFile; fileRef = D809E2F72891508800E862A7 /* TransactionHistoryRow.swift */; };
		D809E2FD289157D100E862A7 /* TransactionsHeader.swift in Sources */ = {isa = PBXBuildFile; fileRef = D809E2FC289157D100E862A7 /* TransactionsHeader.swift */; };
		D82FAA3128A5131800004FE9 /* ForgotPasswordView.swift in Sources */ = {isa = PBXBuildFile; fileRef = D82FAA3028A5131800004FE9 /* ForgotPasswordView.swift */; };
		D83DBD952890160C002F17E8 /* UserLoginDetailsView.swift in Sources */ = {isa = PBXBuildFile; fileRef = D83DBD942890160C002F17E8 /* UserLoginDetailsView.swift */; };
		D83DBD9C28902F0E002F17E8 /* HomePageControllerView.swift in Sources */ = {isa = PBXBuildFile; fileRef = D83DBD9B28902F0E002F17E8 /* HomePageControllerView.swift */; };
		D84B79392893B22500DDE36B /* CardInformation.swift in Sources */ = {isa = PBXBuildFile; fileRef = D84B79382893B22500DDE36B /* CardInformation.swift */; };
		D84F2AE3289BE20F009B4429 /* RegistrationModel.swift in Sources */ = {isa = PBXBuildFile; fileRef = D84F2AE2289BE20E009B4429 /* RegistrationModel.swift */; };
		D84F2AE5289C01B8009B4429 /* UserViewModel.swift in Sources */ = {isa = PBXBuildFile; fileRef = D84F2AE4289C01B8009B4429 /* UserViewModel.swift */; };
		D86390F42897DCC0003DC263 /* TransactionView.swift in Sources */ = {isa = PBXBuildFile; fileRef = D86390F32897DCC0003DC263 /* TransactionView.swift */; };
		D86390F62897E195003DC263 /* BeneficiaryDetails.swift in Sources */ = {isa = PBXBuildFile; fileRef = D86390F52897E195003DC263 /* BeneficiaryDetails.swift */; };
		D86390FA2897FDD4003DC263 /* PaymentConfirmation.swift in Sources */ = {isa = PBXBuildFile; fileRef = D86390F92897FDD4003DC263 /* PaymentConfirmation.swift */; };
		D88C7F0F288A93D8009C4064 /* LoginModel.swift in Sources */ = {isa = PBXBuildFile; fileRef = D88C7F0E288A93D8009C4064 /* LoginModel.swift */; };
		D8992E412891796200558A98 /* HomeScreenView.swift in Sources */ = {isa = PBXBuildFile; fileRef = D8992E402891796200558A98 /* HomeScreenView.swift */; };
		D8992E43289179B200558A98 /* TransactionOverview.swift in Sources */ = {isa = PBXBuildFile; fileRef = D8992E42289179B200558A98 /* TransactionOverview.swift */; };
		D8B0DC9D288850A800F42273 /* ATM_FirebaseDBApp.swift in Sources */ = {isa = PBXBuildFile; fileRef = D8B0DC9C288850A800F42273 /* ATM_FirebaseDBApp.swift */; };
		D8B0DCA1288850A900F42273 /* Assets.xcassets in Resources */ = {isa = PBXBuildFile; fileRef = D8B0DCA0288850A900F42273 /* Assets.xcassets */; };
		D8B0DCA4288850A900F42273 /* Preview Assets.xcassets in Resources */ = {isa = PBXBuildFile; fileRef = D8B0DCA3288850A900F42273 /* Preview Assets.xcassets */; };
		D8B0DCAB2888532500F42273 /* GoogleService-Info.plist in Resources */ = {isa = PBXBuildFile; fileRef = D8B0DCAA2888532500F42273 /* GoogleService-Info.plist */; };
		D8B0DCAE2888541C00F42273 /* FirebaseAuth in Frameworks */ = {isa = PBXBuildFile; productRef = D8B0DCAD2888541C00F42273 /* FirebaseAuth */; };
		D8B0DCB02888541C00F42273 /* FirebaseFirestore in Frameworks */ = {isa = PBXBuildFile; productRef = D8B0DCAF2888541C00F42273 /* FirebaseFirestore */; };
		D8B0FA032889225A00F250E7 /* LoginView.swift in Sources */ = {isa = PBXBuildFile; fileRef = D8B0FA022889225A00F250E7 /* LoginView.swift */; };
		D8B0FA052889238700F250E7 /* RegisterNewUserView.swift in Sources */ = {isa = PBXBuildFile; fileRef = D8B0FA042889238700F250E7 /* RegisterNewUserView.swift */; };
		D8BD08612898FFD500A49373 /* UserProfileView.swift in Sources */ = {isa = PBXBuildFile; fileRef = D8BD08602898FFD500A49373 /* UserProfileView.swift */; };
		D8BD08632898FFFA00A49373 /* UserProfileHeader.swift in Sources */ = {isa = PBXBuildFile; fileRef = D8BD08622898FFFA00A49373 /* UserProfileHeader.swift */; };
		D8BD08652899053400A49373 /* UserProfileDetails.swift in Sources */ = {isa = PBXBuildFile; fileRef = D8BD08642899053400A49373 /* UserProfileDetails.swift */; };
		D8BD08672899237300A49373 /* EditPassword.swift in Sources */ = {isa = PBXBuildFile; fileRef = D8BD08662899237300A49373 /* EditPassword.swift */; };
		D8C9F5EA289D30B700A6FEE8 /* CreateNewUserLogin.swift in Sources */ = {isa = PBXBuildFile; fileRef = D8C9F5E9289D30B700A6FEE8 /* CreateNewUserLogin.swift */; };
		D8DC6E2728AA2755007355EF /* BankCardModel.swift in Sources */ = {isa = PBXBuildFile; fileRef = D8DC6E2628AA2755007355EF /* BankCardModel.swift */; };
		D8E4341A289255F200FED1A6 /* CardTemplate.swift in Sources */ = {isa = PBXBuildFile; fileRef = D8E43419289255F200FED1A6 /* CardTemplate.swift */; };
		D8E4341E2892765400FED1A6 /* CardDetailsView.swift in Sources */ = {isa = PBXBuildFile; fileRef = D8E4341D2892765400FED1A6 /* CardDetailsView.swift */; };
		D8E43422289288CF00FED1A6 /* UserCardDetailsHeader.swift in Sources */ = {isa = PBXBuildFile; fileRef = D8E43421289288CF00FED1A6 /* UserCardDetailsHeader.swift */; };
		D8E4342628928FE900FED1A6 /* HelpDesk.swift in Sources */ = {isa = PBXBuildFile; fileRef = D8E4342528928FE900FED1A6 /* HelpDesk.swift */; };
		D8E775A928A0F1E8005F6A7C /* CreateNewError.swift in Sources */ = {isa = PBXBuildFile; fileRef = D8E775A828A0F1E8005F6A7C /* CreateNewError.swift */; };
/* End PBXBuildFile section */

/* Begin PBXFileReference section */
		D809E2F5289139E600E862A7 /* CardView.swift */ = {isa = PBXFileReference; lastKnownFileType = sourcecode.swift; path = CardView.swift; sourceTree = "<group>"; };
		D809E2F72891508800E862A7 /* TransactionHistoryRow.swift */ = {isa = PBXFileReference; lastKnownFileType = sourcecode.swift; path = TransactionHistoryRow.swift; sourceTree = "<group>"; };
		D809E2FC289157D100E862A7 /* TransactionsHeader.swift */ = {isa = PBXFileReference; lastKnownFileType = sourcecode.swift; path = TransactionsHeader.swift; sourceTree = "<group>"; };
		D82FAA3028A5131800004FE9 /* ForgotPasswordView.swift */ = {isa = PBXFileReference; lastKnownFileType = sourcecode.swift; path = ForgotPasswordView.swift; sourceTree = "<group>"; };
		D83DBD942890160C002F17E8 /* UserLoginDetailsView.swift */ = {isa = PBXFileReference; lastKnownFileType = sourcecode.swift; path = UserLoginDetailsView.swift; sourceTree = "<group>"; };
		D83DBD9B28902F0E002F17E8 /* HomePageControllerView.swift */ = {isa = PBXFileReference; lastKnownFileType = sourcecode.swift; path = HomePageControllerView.swift; sourceTree = "<group>"; };
		D84B79382893B22500DDE36B /* CardInformation.swift */ = {isa = PBXFileReference; lastKnownFileType = sourcecode.swift; path = CardInformation.swift; sourceTree = "<group>"; };
		D84F2AE2289BE20E009B4429 /* RegistrationModel.swift */ = {isa = PBXFileReference; lastKnownFileType = sourcecode.swift; path = RegistrationModel.swift; sourceTree = "<group>"; };
		D84F2AE4289C01B8009B4429 /* UserViewModel.swift */ = {isa = PBXFileReference; lastKnownFileType = sourcecode.swift; path = UserViewModel.swift; sourceTree = "<group>"; };
		D86390F32897DCC0003DC263 /* TransactionView.swift */ = {isa = PBXFileReference; lastKnownFileType = sourcecode.swift; path = TransactionView.swift; sourceTree = "<group>"; };
		D86390F52897E195003DC263 /* BeneficiaryDetails.swift */ = {isa = PBXFileReference; lastKnownFileType = sourcecode.swift; path = BeneficiaryDetails.swift; sourceTree = "<group>"; };
		D86390F92897FDD4003DC263 /* PaymentConfirmation.swift */ = {isa = PBXFileReference; lastKnownFileType = sourcecode.swift; path = PaymentConfirmation.swift; sourceTree = "<group>"; };
		D88C7F0E288A93D8009C4064 /* LoginModel.swift */ = {isa = PBXFileReference; lastKnownFileType = sourcecode.swift; path = LoginModel.swift; sourceTree = "<group>"; };
		D8992E402891796200558A98 /* HomeScreenView.swift */ = {isa = PBXFileReference; lastKnownFileType = sourcecode.swift; path = HomeScreenView.swift; sourceTree = "<group>"; };
		D8992E42289179B200558A98 /* TransactionOverview.swift */ = {isa = PBXFileReference; lastKnownFileType = sourcecode.swift; path = TransactionOverview.swift; sourceTree = "<group>"; };
		D8B0DC99288850A800F42273 /* ATM_FirebaseDB.app */ = {isa = PBXFileReference; explicitFileType = wrapper.application; includeInIndex = 0; path = ATM_FirebaseDB.app; sourceTree = BUILT_PRODUCTS_DIR; };
		D8B0DC9C288850A800F42273 /* ATM_FirebaseDBApp.swift */ = {isa = PBXFileReference; lastKnownFileType = sourcecode.swift; path = ATM_FirebaseDBApp.swift; sourceTree = "<group>"; };
		D8B0DCA0288850A900F42273 /* Assets.xcassets */ = {isa = PBXFileReference; lastKnownFileType = folder.assetcatalog; path = Assets.xcassets; sourceTree = "<group>"; };
		D8B0DCA3288850A900F42273 /* Preview Assets.xcassets */ = {isa = PBXFileReference; lastKnownFileType = folder.assetcatalog; path = "Preview Assets.xcassets"; sourceTree = "<group>"; };
		D8B0DCAA2888532500F42273 /* GoogleService-Info.plist */ = {isa = PBXFileReference; fileEncoding = 4; lastKnownFileType = text.plist.xml; path = "GoogleService-Info.plist"; sourceTree = "<group>"; };
		D8B0FA022889225A00F250E7 /* LoginView.swift */ = {isa = PBXFileReference; lastKnownFileType = sourcecode.swift; path = LoginView.swift; sourceTree = "<group>"; };
		D8B0FA042889238700F250E7 /* RegisterNewUserView.swift */ = {isa = PBXFileReference; lastKnownFileType = sourcecode.swift; path = RegisterNewUserView.swift; sourceTree = "<group>"; };
		D8BD08602898FFD500A49373 /* UserProfileView.swift */ = {isa = PBXFileReference; lastKnownFileType = sourcecode.swift; path = UserProfileView.swift; sourceTree = "<group>"; };
		D8BD08622898FFFA00A49373 /* UserProfileHeader.swift */ = {isa = PBXFileReference; lastKnownFileType = sourcecode.swift; path = UserProfileHeader.swift; sourceTree = "<group>"; };
		D8BD08642899053400A49373 /* UserProfileDetails.swift */ = {isa = PBXFileReference; lastKnownFileType = sourcecode.swift; path = UserProfileDetails.swift; sourceTree = "<group>"; };
		D8BD08662899237300A49373 /* EditPassword.swift */ = {isa = PBXFileReference; lastKnownFileType = sourcecode.swift; path = EditPassword.swift; sourceTree = "<group>"; };
		D8C9F5E9289D30B700A6FEE8 /* CreateNewUserLogin.swift */ = {isa = PBXFileReference; lastKnownFileType = sourcecode.swift; path = CreateNewUserLogin.swift; sourceTree = "<group>"; };
		D8DC6E2628AA2755007355EF /* BankCardModel.swift */ = {isa = PBXFileReference; lastKnownFileType = sourcecode.swift; path = BankCardModel.swift; sourceTree = "<group>"; };
		D8E43419289255F200FED1A6 /* CardTemplate.swift */ = {isa = PBXFileReference; lastKnownFileType = sourcecode.swift; path = CardTemplate.swift; sourceTree = "<group>"; };
		D8E4341D2892765400FED1A6 /* CardDetailsView.swift */ = {isa = PBXFileReference; lastKnownFileType = sourcecode.swift; path = CardDetailsView.swift; sourceTree = "<group>"; };
		D8E43421289288CF00FED1A6 /* UserCardDetailsHeader.swift */ = {isa = PBXFileReference; lastKnownFileType = sourcecode.swift; path = UserCardDetailsHeader.swift; sourceTree = "<group>"; };
		D8E4342528928FE900FED1A6 /* HelpDesk.swift */ = {isa = PBXFileReference; lastKnownFileType = sourcecode.swift; path = HelpDesk.swift; sourceTree = "<group>"; };
		D8E775A828A0F1E8005F6A7C /* CreateNewError.swift */ = {isa = PBXFileReference; lastKnownFileType = sourcecode.swift; path = CreateNewError.swift; sourceTree = "<group>"; };
/* End PBXFileReference section */

/* Begin PBXFrameworksBuildPhase section */
		D8B0DC96288850A800F42273 /* Frameworks */ = {
			isa = PBXFrameworksBuildPhase;
			buildActionMask = 2147483647;
			files = (
				D8B0DCAE2888541C00F42273 /* FirebaseAuth in Frameworks */,
				D8B0DCB02888541C00F42273 /* FirebaseFirestore in Frameworks */,
			);
			runOnlyForDeploymentPostprocessing = 0;
		};
/* End PBXFrameworksBuildPhase section */

/* Begin PBXGroup section */
		D809E2F9289156EE00E862A7 /* Home Overview */ = {
			isa = PBXGroup;
			children = (
				D8992E402891796200558A98 /* HomeScreenView.swift */,
				D8992E42289179B200558A98 /* TransactionOverview.swift */,
				D809E2F5289139E600E862A7 /* CardView.swift */,
				D809E2F72891508800E862A7 /* TransactionHistoryRow.swift */,
				D809E2FC289157D100E862A7 /* TransactionsHeader.swift */,
			);
			path = "Home Overview";
			sourceTree = "<group>";
		};
		D83DBD93289014C0002F17E8 /* Registration  */ = {
			isa = PBXGroup;
			children = (
				D8B0FA042889238700F250E7 /* RegisterNewUserView.swift */,
				D83DBD942890160C002F17E8 /* UserLoginDetailsView.swift */,
				D8E775A828A0F1E8005F6A7C /* CreateNewError.swift */,
			);
			path = "Registration ";
			sourceTree = "<group>";
		};
		D83DBD96289026DF002F17E8 /* Home (Tab Menu) */ = {
			isa = PBXGroup;
			children = (
				D83DBD9B28902F0E002F17E8 /* HomePageControllerView.swift */,
				D809E2F9289156EE00E862A7 /* Home Overview */,
			);
			path = "Home (Tab Menu)";
			sourceTree = "<group>";
		};
		D8B0DC90288850A700F42273 = {
			isa = PBXGroup;
			children = (
				D8B0DC9B288850A800F42273 /* ATM_FirebaseDB */,
				D8B0DC9A288850A800F42273 /* Products */,
			);
			sourceTree = "<group>";
		};
		D8B0DC9A288850A800F42273 /* Products */ = {
			isa = PBXGroup;
			children = (
				D8B0DC99288850A800F42273 /* ATM_FirebaseDB.app */,
			);
			name = Products;
			sourceTree = "<group>";
		};
		D8B0DC9B288850A800F42273 /* ATM_FirebaseDB */ = {
			isa = PBXGroup;
			children = (
				D8B0DC9C288850A800F42273 /* ATM_FirebaseDBApp.swift */,
				D8B0DCB1288858A800F42273 /* Model */,
				D8B0DCB3288858DF00F42273 /* Views */,
				D8B0DCB2288858B700F42273 /* ViewModel */,
				D8B0DCB42888591500F42273 /* Assets */,
				D8B0DCA2288850A900F42273 /* Preview Content */,
			);
			path = ATM_FirebaseDB;
			sourceTree = "<group>";
		};
		D8B0DCA2288850A900F42273 /* Preview Content */ = {
			isa = PBXGroup;
			children = (
				D8B0DCA3288850A900F42273 /* Preview Assets.xcassets */,
			);
			path = "Preview Content";
			sourceTree = "<group>";
		};
		D8B0DCB1288858A800F42273 /* Model */ = {
			isa = PBXGroup;
			children = (
				D88C7F0E288A93D8009C4064 /* LoginModel.swift */,
				D84F2AE2289BE20E009B4429 /* RegistrationModel.swift */,
				D8DC6E2628AA2755007355EF /* BankCardModel.swift */,
			);
			path = Model;
			sourceTree = "<group>";
		};
		D8B0DCB2288858B700F42273 /* ViewModel */ = {
			isa = PBXGroup;
			children = (
				D84F2AE4289C01B8009B4429 /* UserViewModel.swift */,
				D8C9F5E9289D30B700A6FEE8 /* CreateNewUserLogin.swift */,
			);
			path = ViewModel;
			sourceTree = "<group>";
		};
		D8B0DCB3288858DF00F42273 /* Views */ = {
			isa = PBXGroup;
			children = (
				D8B0FA022889225A00F250E7 /* LoginView.swift */,
				D82FAA3028A5131800004FE9 /* ForgotPasswordView.swift */,
				D83DBD93289014C0002F17E8 /* Registration  */,
				D83DBD96289026DF002F17E8 /* Home (Tab Menu) */,
				D8E434182892555000FED1A6 /* Card (Tab Menu) */,
				D8E4341B289267D900FED1A6 /* Transactions (Tab Menu) */,
				D8E4341C289267E900FED1A6 /* Profile (Tab Menu) */,
			);
			path = Views;
			sourceTree = "<group>";
		};
		D8B0DCB42888591500F42273 /* Assets */ = {
			isa = PBXGroup;
			children = (
				D8B0DCAA2888532500F42273 /* GoogleService-Info.plist */,
				D8B0DCA0288850A900F42273 /* Assets.xcassets */,
			);
			path = Assets;
			sourceTree = "<group>";
		};
		D8E434182892555000FED1A6 /* Card (Tab Menu) */ = {
			isa = PBXGroup;
			children = (
				D8E4341D2892765400FED1A6 /* CardDetailsView.swift */,
				D8E43419289255F200FED1A6 /* CardTemplate.swift */,
				D8E43421289288CF00FED1A6 /* UserCardDetailsHeader.swift */,
				D84B79382893B22500DDE36B /* CardInformation.swift */,
				D8E4342528928FE900FED1A6 /* HelpDesk.swift */,
			);
			path = "Card (Tab Menu)";
			sourceTree = "<group>";
		};
		D8E4341B289267D900FED1A6 /* Transactions (Tab Menu) */ = {
			isa = PBXGroup;
			children = (
				D86390F32897DCC0003DC263 /* TransactionView.swift */,
				D86390F52897E195003DC263 /* BeneficiaryDetails.swift */,
				D86390F92897FDD4003DC263 /* PaymentConfirmation.swift */,
			);
			path = "Transactions (Tab Menu)";
			sourceTree = "<group>";
		};
		D8E4341C289267E900FED1A6 /* Profile (Tab Menu) */ = {
			isa = PBXGroup;
			children = (
				D8BD08602898FFD500A49373 /* UserProfileView.swift */,
				D8BD08622898FFFA00A49373 /* UserProfileHeader.swift */,
				D8BD08642899053400A49373 /* UserProfileDetails.swift */,
				D8BD08662899237300A49373 /* EditPassword.swift */,
			);
			path = "Profile (Tab Menu)";
			sourceTree = "<group>";
		};
/* End PBXGroup section */

/* Begin PBXNativeTarget section */
		D8B0DC98288850A800F42273 /* ATM_FirebaseDB */ = {
			isa = PBXNativeTarget;
			buildConfigurationList = D8B0DCA7288850A900F42273 /* Build configuration list for PBXNativeTarget "ATM_FirebaseDB" */;
			buildPhases = (
				D8B0DC95288850A800F42273 /* Sources */,
				D8B0DC96288850A800F42273 /* Frameworks */,
				D8B0DC97288850A800F42273 /* Resources */,
			);
			buildRules = (
			);
			dependencies = (
			);
			name = ATM_FirebaseDB;
			packageProductDependencies = (
				D8B0DCAD2888541C00F42273 /* FirebaseAuth */,
				D8B0DCAF2888541C00F42273 /* FirebaseFirestore */,
			);
			productName = ATM_FirebaseDB;
			productReference = D8B0DC99288850A800F42273 /* ATM_FirebaseDB.app */;
			productType = "com.apple.product-type.application";
		};
/* End PBXNativeTarget section */

/* Begin PBXProject section */
		D8B0DC91288850A700F42273 /* Project object */ = {
			isa = PBXProject;
			attributes = {
				BuildIndependentTargetsInParallel = 1;
				LastSwiftUpdateCheck = 1330;
				LastUpgradeCheck = 1330;
				TargetAttributes = {
					D8B0DC98288850A800F42273 = {
						CreatedOnToolsVersion = 13.3;
					};
				};
			};
			buildConfigurationList = D8B0DC94288850A700F42273 /* Build configuration list for PBXProject "ATM_FirebaseDB" */;
			compatibilityVersion = "Xcode 13.0";
			developmentRegion = en;
			hasScannedForEncodings = 0;
			knownRegions = (
				en,
				Base,
			);
			mainGroup = D8B0DC90288850A700F42273;
			packageReferences = (
				D8B0DCAC2888541C00F42273 /* XCRemoteSwiftPackageReference "firebase-ios-sdk" */,
			);
			productRefGroup = D8B0DC9A288850A800F42273 /* Products */;
			projectDirPath = "";
			projectRoot = "";
			targets = (
				D8B0DC98288850A800F42273 /* ATM_FirebaseDB */,
			);
		};
/* End PBXProject section */

/* Begin PBXResourcesBuildPhase section */
		D8B0DC97288850A800F42273 /* Resources */ = {
			isa = PBXResourcesBuildPhase;
			buildActionMask = 2147483647;
			files = (
				D8B0DCA4288850A900F42273 /* Preview Assets.xcassets in Resources */,
				D8B0DCA1288850A900F42273 /* Assets.xcassets in Resources */,
				D8B0DCAB2888532500F42273 /* GoogleService-Info.plist in Resources */,
			);
			runOnlyForDeploymentPostprocessing = 0;
		};
/* End PBXResourcesBuildPhase section */

/* Begin PBXSourcesBuildPhase section */
		D8B0DC95288850A800F42273 /* Sources */ = {
			isa = PBXSourcesBuildPhase;
			buildActionMask = 2147483647;
			files = (
				D809E2F6289139E600E862A7 /* CardView.swift in Sources */,
				D8992E43289179B200558A98 /* TransactionOverview.swift in Sources */,
				D83DBD952890160C002F17E8 /* UserLoginDetailsView.swift in Sources */,
				D88C7F0F288A93D8009C4064 /* LoginModel.swift in Sources */,
				D8E43422289288CF00FED1A6 /* UserCardDetailsHeader.swift in Sources */,
				D8BD08652899053400A49373 /* UserProfileDetails.swift in Sources */,
				D8B0FA032889225A00F250E7 /* LoginView.swift in Sources */,
				D83DBD9C28902F0E002F17E8 /* HomePageControllerView.swift in Sources */,
				D8DC6E2728AA2755007355EF /* BankCardModel.swift in Sources */,
				D86390FA2897FDD4003DC263 /* PaymentConfirmation.swift in Sources */,
				D8E4341A289255F200FED1A6 /* CardTemplate.swift in Sources */,
				D8B0FA052889238700F250E7 /* RegisterNewUserView.swift in Sources */,
				D8C9F5EA289D30B700A6FEE8 /* CreateNewUserLogin.swift in Sources */,
				D8E4341E2892765400FED1A6 /* CardDetailsView.swift in Sources */,
				D8992E412891796200558A98 /* HomeScreenView.swift in Sources */,
				D809E2F82891508800E862A7 /* TransactionHistoryRow.swift in Sources */,
				D84F2AE3289BE20F009B4429 /* RegistrationModel.swift in Sources */,
				D8E4342628928FE900FED1A6 /* HelpDesk.swift in Sources */,
				D86390F42897DCC0003DC263 /* TransactionView.swift in Sources */,
				D8E775A928A0F1E8005F6A7C /* CreateNewError.swift in Sources */,
				D8BD08632898FFFA00A49373 /* UserProfileHeader.swift in Sources */,
				D8BD08612898FFD500A49373 /* UserProfileView.swift in Sources */,
				D86390F62897E195003DC263 /* BeneficiaryDetails.swift in Sources */,
				D82FAA3128A5131800004FE9 /* ForgotPasswordView.swift in Sources */,
				D8B0DC9D288850A800F42273 /* ATM_FirebaseDBApp.swift in Sources */,
				D809E2FD289157D100E862A7 /* TransactionsHeader.swift in Sources */,
				D8BD08672899237300A49373 /* EditPassword.swift in Sources */,
				D84F2AE5289C01B8009B4429 /* UserViewModel.swift in Sources */,
				D84B79392893B22500DDE36B /* CardInformation.swift in Sources */,
			);
			runOnlyForDeploymentPostprocessing = 0;
		};
/* End PBXSourcesBuildPhase section */

/* Begin XCBuildConfiguration section */
		D8B0DCA5288850A900F42273 /* Debug */ = {
			isa = XCBuildConfiguration;
			buildSettings = {
				ALWAYS_SEARCH_USER_PATHS = NO;
				CLANG_ANALYZER_NONNULL = YES;
				CLANG_ANALYZER_NUMBER_OBJECT_CONVERSION = YES_AGGRESSIVE;
				CLANG_CXX_LANGUAGE_STANDARD = "gnu++17";
				CLANG_ENABLE_MODULES = YES;
				CLANG_ENABLE_OBJC_ARC = YES;
				CLANG_ENABLE_OBJC_WEAK = YES;
				CLANG_WARN_BLOCK_CAPTURE_AUTORELEASING = YES;
				CLANG_WARN_BOOL_CONVERSION = YES;
				CLANG_WARN_COMMA = YES;
				CLANG_WARN_CONSTANT_CONVERSION = YES;
				CLANG_WARN_DEPRECATED_OBJC_IMPLEMENTATIONS = YES;
				CLANG_WARN_DIRECT_OBJC_ISA_USAGE = YES_ERROR;
				CLANG_WARN_DOCUMENTATION_COMMENTS = YES;
				CLANG_WARN_EMPTY_BODY = YES;
				CLANG_WARN_ENUM_CONVERSION = YES;
				CLANG_WARN_INFINITE_RECURSION = YES;
				CLANG_WARN_INT_CONVERSION = YES;
				CLANG_WARN_NON_LITERAL_NULL_CONVERSION = YES;
				CLANG_WARN_OBJC_IMPLICIT_RETAIN_SELF = YES;
				CLANG_WARN_OBJC_LITERAL_CONVERSION = YES;
				CLANG_WARN_OBJC_ROOT_CLASS = YES_ERROR;
				CLANG_WARN_QUOTED_INCLUDE_IN_FRAMEWORK_HEADER = YES;
				CLANG_WARN_RANGE_LOOP_ANALYSIS = YES;
				CLANG_WARN_STRICT_PROTOTYPES = YES;
				CLANG_WARN_SUSPICIOUS_MOVE = YES;
				CLANG_WARN_UNGUARDED_AVAILABILITY = YES_AGGRESSIVE;
				CLANG_WARN_UNREACHABLE_CODE = YES;
				CLANG_WARN__DUPLICATE_METHOD_MATCH = YES;
				COPY_PHASE_STRIP = NO;
				DEBUG_INFORMATION_FORMAT = dwarf;
				ENABLE_STRICT_OBJC_MSGSEND = YES;
				ENABLE_TESTABILITY = YES;
				GCC_C_LANGUAGE_STANDARD = gnu11;
				GCC_DYNAMIC_NO_PIC = NO;
				GCC_NO_COMMON_BLOCKS = YES;
				GCC_OPTIMIZATION_LEVEL = 0;
				GCC_PREPROCESSOR_DEFINITIONS = (
					"DEBUG=1",
					"$(inherited)",
				);
				GCC_WARN_64_TO_32_BIT_CONVERSION = YES;
				GCC_WARN_ABOUT_RETURN_TYPE = YES_ERROR;
				GCC_WARN_UNDECLARED_SELECTOR = YES;
				GCC_WARN_UNINITIALIZED_AUTOS = YES_AGGRESSIVE;
				GCC_WARN_UNUSED_FUNCTION = YES;
				GCC_WARN_UNUSED_VARIABLE = YES;
				IPHONEOS_DEPLOYMENT_TARGET = 15.4;
				MTL_ENABLE_DEBUG_INFO = INCLUDE_SOURCE;
				MTL_FAST_MATH = YES;
				ONLY_ACTIVE_ARCH = YES;
				SDKROOT = iphoneos;
				SWIFT_ACTIVE_COMPILATION_CONDITIONS = DEBUG;
				SWIFT_OPTIMIZATION_LEVEL = "-Onone";
			};
			name = Debug;
		};
		D8B0DCA6288850A900F42273 /* Release */ = {
			isa = XCBuildConfiguration;
			buildSettings = {
				ALWAYS_SEARCH_USER_PATHS = NO;
				CLANG_ANALYZER_NONNULL = YES;
				CLANG_ANALYZER_NUMBER_OBJECT_CONVERSION = YES_AGGRESSIVE;
				CLANG_CXX_LANGUAGE_STANDARD = "gnu++17";
				CLANG_ENABLE_MODULES = YES;
				CLANG_ENABLE_OBJC_ARC = YES;
				CLANG_ENABLE_OBJC_WEAK = YES;
				CLANG_WARN_BLOCK_CAPTURE_AUTORELEASING = YES;
				CLANG_WARN_BOOL_CONVERSION = YES;
				CLANG_WARN_COMMA = YES;
				CLANG_WARN_CONSTANT_CONVERSION = YES;
				CLANG_WARN_DEPRECATED_OBJC_IMPLEMENTATIONS = YES;
				CLANG_WARN_DIRECT_OBJC_ISA_USAGE = YES_ERROR;
				CLANG_WARN_DOCUMENTATION_COMMENTS = YES;
				CLANG_WARN_EMPTY_BODY = YES;
				CLANG_WARN_ENUM_CONVERSION = YES;
				CLANG_WARN_INFINITE_RECURSION = YES;
				CLANG_WARN_INT_CONVERSION = YES;
				CLANG_WARN_NON_LITERAL_NULL_CONVERSION = YES;
				CLANG_WARN_OBJC_IMPLICIT_RETAIN_SELF = YES;
				CLANG_WARN_OBJC_LITERAL_CONVERSION = YES;
				CLANG_WARN_OBJC_ROOT_CLASS = YES_ERROR;
				CLANG_WARN_QUOTED_INCLUDE_IN_FRAMEWORK_HEADER = YES;
				CLANG_WARN_RANGE_LOOP_ANALYSIS = YES;
				CLANG_WARN_STRICT_PROTOTYPES = YES;
				CLANG_WARN_SUSPICIOUS_MOVE = YES;
				CLANG_WARN_UNGUARDED_AVAILABILITY = YES_AGGRESSIVE;
				CLANG_WARN_UNREACHABLE_CODE = YES;
				CLANG_WARN__DUPLICATE_METHOD_MATCH = YES;
				COPY_PHASE_STRIP = NO;
				DEBUG_INFORMATION_FORMAT = "dwarf-with-dsym";
				ENABLE_NS_ASSERTIONS = NO;
				ENABLE_STRICT_OBJC_MSGSEND = YES;
				GCC_C_LANGUAGE_STANDARD = gnu11;
				GCC_NO_COMMON_BLOCKS = YES;
				GCC_WARN_64_TO_32_BIT_CONVERSION = YES;
				GCC_WARN_ABOUT_RETURN_TYPE = YES_ERROR;
				GCC_WARN_UNDECLARED_SELECTOR = YES;
				GCC_WARN_UNINITIALIZED_AUTOS = YES_AGGRESSIVE;
				GCC_WARN_UNUSED_FUNCTION = YES;
				GCC_WARN_UNUSED_VARIABLE = YES;
				IPHONEOS_DEPLOYMENT_TARGET = 15.4;
				MTL_ENABLE_DEBUG_INFO = NO;
				MTL_FAST_MATH = YES;
				SDKROOT = iphoneos;
				SWIFT_COMPILATION_MODE = wholemodule;
				SWIFT_OPTIMIZATION_LEVEL = "-O";
				VALIDATE_PRODUCT = YES;
			};
			name = Release;
		};
		D8B0DCA8288850A900F42273 /* Debug */ = {
			isa = XCBuildConfiguration;
			buildSettings = {
				ASSETCATALOG_COMPILER_APPICON_NAME = AppIcon;
				ASSETCATALOG_COMPILER_GLOBAL_ACCENT_COLOR_NAME = AccentColor;
				CODE_SIGN_STYLE = Automatic;
				CURRENT_PROJECT_VERSION = 1;
				DEVELOPMENT_ASSET_PATHS = "\"ATM_FirebaseDB/Preview Content\"";
				ENABLE_PREVIEWS = YES;
				GENERATE_INFOPLIST_FILE = YES;
				INFOPLIST_KEY_UIApplicationSceneManifest_Generation = YES;
				INFOPLIST_KEY_UIApplicationSupportsIndirectInputEvents = YES;
				INFOPLIST_KEY_UILaunchScreen_Generation = YES;
				INFOPLIST_KEY_UISupportedInterfaceOrientations_iPad = "UIInterfaceOrientationPortrait UIInterfaceOrientationPortraitUpsideDown UIInterfaceOrientationLandscapeLeft UIInterfaceOrientationLandscapeRight";
				INFOPLIST_KEY_UISupportedInterfaceOrientations_iPhone = "UIInterfaceOrientationPortrait UIInterfaceOrientationLandscapeLeft UIInterfaceOrientationLandscapeRight";
				LD_RUNPATH_SEARCH_PATHS = (
					"$(inherited)",
					"@executable_path/Frameworks",
				);
				MARKETING_VERSION = 1.0;
				PRODUCT_BUNDLE_IDENTIFIER = "com.grizzowl.ATM-FirebaseDB";
				PRODUCT_NAME = "$(TARGET_NAME)";
				SWIFT_EMIT_LOC_STRINGS = YES;
				SWIFT_VERSION = 5.0;
				TARGETED_DEVICE_FAMILY = "1,2";
			};
			name = Debug;
		};
		D8B0DCA9288850A900F42273 /* Release */ = {
			isa = XCBuildConfiguration;
			buildSettings = {
				ASSETCATALOG_COMPILER_APPICON_NAME = AppIcon;
				ASSETCATALOG_COMPILER_GLOBAL_ACCENT_COLOR_NAME = AccentColor;
				CODE_SIGN_STYLE = Automatic;
				CURRENT_PROJECT_VERSION = 1;
				DEVELOPMENT_ASSET_PATHS = "\"ATM_FirebaseDB/Preview Content\"";
				ENABLE_PREVIEWS = YES;
				GENERATE_INFOPLIST_FILE = YES;
				INFOPLIST_KEY_UIApplicationSceneManifest_Generation = YES;
				INFOPLIST_KEY_UIApplicationSupportsIndirectInputEvents = YES;
				INFOPLIST_KEY_UILaunchScreen_Generation = YES;
				INFOPLIST_KEY_UISupportedInterfaceOrientations_iPad = "UIInterfaceOrientationPortrait UIInterfaceOrientationPortraitUpsideDown UIInterfaceOrientationLandscapeLeft UIInterfaceOrientationLandscapeRight";
				INFOPLIST_KEY_UISupportedInterfaceOrientations_iPhone = "UIInterfaceOrientationPortrait UIInterfaceOrientationLandscapeLeft UIInterfaceOrientationLandscapeRight";
				LD_RUNPATH_SEARCH_PATHS = (
					"$(inherited)",
					"@executable_path/Frameworks",
				);
				MARKETING_VERSION = 1.0;
				PRODUCT_BUNDLE_IDENTIFIER = "com.grizzowl.ATM-FirebaseDB";
				PRODUCT_NAME = "$(TARGET_NAME)";
				SWIFT_EMIT_LOC_STRINGS = YES;
				SWIFT_VERSION = 5.0;
				TARGETED_DEVICE_FAMILY = "1,2";
			};
			name = Release;
		};
/* End XCBuildConfiguration section */

/* Begin XCConfigurationList section */
		D8B0DC94288850A700F42273 /* Build configuration list for PBXProject "ATM_FirebaseDB" */ = {
			isa = XCConfigurationList;
			buildConfigurations = (
				D8B0DCA5288850A900F42273 /* Debug */,
				D8B0DCA6288850A900F42273 /* Release */,
			);
			defaultConfigurationIsVisible = 0;
			defaultConfigurationName = Release;
		};
		D8B0DCA7288850A900F42273 /* Build configuration list for PBXNativeTarget "ATM_FirebaseDB" */ = {
			isa = XCConfigurationList;
			buildConfigurations = (
				D8B0DCA8288850A900F42273 /* Debug */,
				D8B0DCA9288850A900F42273 /* Release */,
			);
			defaultConfigurationIsVisible = 0;
			defaultConfigurationName = Release;
		};
/* End XCConfigurationList section */

/* Begin XCRemoteSwiftPackageReference section */
		D8B0DCAC2888541C00F42273 /* XCRemoteSwiftPackageReference "firebase-ios-sdk" */ = {
			isa = XCRemoteSwiftPackageReference;
			repositoryURL = "https://github.com/firebase/firebase-ios-sdk";
			requirement = {
				kind = upToNextMajorVersion;
				minimumVersion = 9.0.0;
			};
		};
/* End XCRemoteSwiftPackageReference section */

/* Begin XCSwiftPackageProductDependency section */
		D8B0DCAD2888541C00F42273 /* FirebaseAuth */ = {
			isa = XCSwiftPackageProductDependency;
			package = D8B0DCAC2888541C00F42273 /* XCRemoteSwiftPackageReference "firebase-ios-sdk" */;
			productName = FirebaseAuth;
		};
		D8B0DCAF2888541C00F42273 /* FirebaseFirestore */ = {
			isa = XCSwiftPackageProductDependency;
			package = D8B0DCAC2888541C00F42273 /* XCRemoteSwiftPackageReference "firebase-ios-sdk" */;
			productName = FirebaseFirestore;
		};
/* End XCSwiftPackageProductDependency section */
	};
	rootObject = D8B0DC91288850A700F42273 /* Project object */;
}
