// !$*UTF8*$!
{
	archiveVersion = 1;
	classes = {
	};
	objectVersion = 55;
	objects = {

/* Begin PBXBuildFile section */
		D88C7F0F288A93D8009C4064 /* LoginModel.swift in Sources */ = {isa = PBXBuildFile; fileRef = D88C7F0E288A93D8009C4064 /* LoginModel.swift */; };
		D8B0DC9D288850A800F42273 /* ATM_FirebaseDBApp.swift in Sources */ = {isa = PBXBuildFile; fileRef = D8B0DC9C288850A800F42273 /* ATM_FirebaseDBApp.swift */; };
		D8B0DCA1288850A900F42273 /* Assets.xcassets in Resources */ = {isa = PBXBuildFile; fileRef = D8B0DCA0288850A900F42273 /* Assets.xcassets */; };
		D8B0DCA4288850A900F42273 /* Preview Assets.xcassets in Resources */ = {isa = PBXBuildFile; fileRef = D8B0DCA3288850A900F42273 /* Preview Assets.xcassets */; };
		D8B0DCAB2888532500F42273 /* GoogleService-Info.plist in Resources */ = {isa = PBXBuildFile; fileRef = D8B0DCAA2888532500F42273 /* GoogleService-Info.plist */; };
		D8B0DCAE2888541C00F42273 /* FirebaseAuth in Frameworks */ = {isa = PBXBuildFile; productRef = D8B0DCAD2888541C00F42273 /* FirebaseAuth */; };
		D8B0DCB02888541C00F42273 /* FirebaseFirestore in Frameworks */ = {isa = PBXBuildFile; productRef = D8B0DCAF2888541C00F42273 /* FirebaseFirestore */; };
		D8B0FA032889225A00F250E7 /* LoginView.swift in Sources */ = {isa = PBXBuildFile; fileRef = D8B0FA022889225A00F250E7 /* LoginView.swift */; };
		D8B0FA052889238700F250E7 /* RegisterNewUserView.swift in Sources */ = {isa = PBXBuildFile; fileRef = D8B0FA042889238700F250E7 /* RegisterNewUserView.swift */; };
/* End PBXBuildFile section */

/* Begin PBXFileReference section */
		D88C7F0E288A93D8009C4064 /* LoginModel.swift */ = {isa = PBXFileReference; lastKnownFileType = sourcecode.swift; path = LoginModel.swift; sourceTree = "<group>"; };
		D8B0DC99288850A800F42273 /* ATM_FirebaseDB.app */ = {isa = PBXFileReference; explicitFileType = wrapper.application; includeInIndex = 0; path = ATM_FirebaseDB.app; sourceTree = BUILT_PRODUCTS_DIR; };
		D8B0DC9C288850A800F42273 /* ATM_FirebaseDBApp.swift */ = {isa = PBXFileReference; lastKnownFileType = sourcecode.swift; path = ATM_FirebaseDBApp.swift; sourceTree = "<group>"; };
		D8B0DCA0288850A900F42273 /* Assets.xcassets */ = {isa = PBXFileReference; lastKnownFileType = folder.assetcatalog; path = Assets.xcassets; sourceTree = "<group>"; };
		D8B0DCA3288850A900F42273 /* Preview Assets.xcassets */ = {isa = PBXFileReference; lastKnownFileType = folder.assetcatalog; path = "Preview Assets.xcassets"; sourceTree = "<group>"; };
		D8B0DCAA2888532500F42273 /* GoogleService-Info.plist */ = {isa = PBXFileReference; fileEncoding = 4; lastKnownFileType = text.plist.xml; path = "GoogleService-Info.plist"; sourceTree = "<group>"; };
		D8B0FA022889225A00F250E7 /* LoginView.swift */ = {isa = PBXFileReference; lastKnownFileType = sourcecode.swift; path = LoginView.swift; sourceTree = "<group>"; };
		D8B0FA042889238700F250E7 /* RegisterNewUserView.swift */ = {isa = PBXFileReference; lastKnownFileType = sourcecode.swift; path = RegisterNewUserView.swift; sourceTree = "<group>"; };
/* End PBXFileReference section */

/* Begin PBXFrameworksBuildPhase section */
		D8B0DC96288850A800F42273 /* Frameworks */ = {
			isa = PBXFrameworksBuildPhase;
			buildActionMask = 2147483647;
			files = (
				D8B0DCAE2888541C00F42273 /* FirebaseAuth in Frameworks */,
				D8B0DCB02888541C00F42273 /* FirebaseFirestore in Frameworks */,
			);
			runOnlyForDeploymentPostprocessing = 0;
		};
/* End PBXFrameworksBuildPhase section */

/* Begin PBXGroup section */
		D8B0DC90288850A700F42273 = {
			isa = PBXGroup;
			children = (
				D8B0DC9B288850A800F42273 /* ATM_FirebaseDB */,
				D8B0DC9A288850A800F42273 /* Products */,
			);
			sourceTree = "<group>";
		};
		D8B0DC9A288850A800F42273 /* Products */ = {
			isa = PBXGroup;
			children = (
				D8B0DC99288850A800F42273 /* ATM_FirebaseDB.app */,
			);
			name = Products;
			sourceTree = "<group>";
		};
		D8B0DC9B288850A800F42273 /* ATM_FirebaseDB */ = {
			isa = PBXGroup;
			children = (
				D8B0DC9C288850A800F42273 /* ATM_FirebaseDBApp.swift */,
				D8B0DCB1288858A800F42273 /* Model */,
				D8B0DCB3288858DF00F42273 /* Views */,
				D8B0DCB2288858B700F42273 /* ViewModel */,
				D8B0DCB42888591500F42273 /* Assets */,
				D8B0DCA2288850A900F42273 /* Preview Content */,
			);
			path = ATM_FirebaseDB;
			sourceTree = "<group>";
		};
		D8B0DCA2288850A900F42273 /* Preview Content */ = {
			isa = PBXGroup;
			children = (
				D8B0DCA3288850A900F42273 /* Preview Assets.xcassets */,
			);
			path = "Preview Content";
			sourceTree = "<group>";
		};
		D8B0DCB1288858A800F42273 /* Model */ = {
			isa = PBXGroup;
			children = (
				D88C7F0E288A93D8009C4064 /* LoginModel.swift */,
			);
			path = Model;
			sourceTree = "<group>";
		};
		D8B0DCB2288858B700F42273 /* ViewModel */ = {
			isa = PBXGroup;
			children = (
			);
			path = ViewModel;
			sourceTree = "<group>";
		};
		D8B0DCB3288858DF00F42273 /* Views */ = {
			isa = PBXGroup;
			children = (
				D8B0FA022889225A00F250E7 /* LoginView.swift */,
				D8B0FA042889238700F250E7 /* RegisterNewUserView.swift */,
			);
			path = Views;
			sourceTree = "<group>";
		};
		D8B0DCB42888591500F42273 /* Assets */ = {
			isa = PBXGroup;
			children = (
				D8B0DCAA2888532500F42273 /* GoogleService-Info.plist */,
				D8B0DCA0288850A900F42273 /* Assets.xcassets */,
			);
			path = Assets;
			sourceTree = "<group>";
		};
/* End PBXGroup section */

/* Begin PBXNativeTarget section */
		D8B0DC98288850A800F42273 /* ATM_FirebaseDB */ = {
			isa = PBXNativeTarget;
			buildConfigurationList = D8B0DCA7288850A900F42273 /* Build configuration list for PBXNativeTarget "ATM_FirebaseDB" */;
			buildPhases = (
				D8B0DC95288850A800F42273 /* Sources */,
				D8B0DC96288850A800F42273 /* Frameworks */,
				D8B0DC97288850A800F42273 /* Resources */,
			);
			buildRules = (
			);
			dependencies = (
			);
			name = ATM_FirebaseDB;
			packageProductDependencies = (
				D8B0DCAD2888541C00F42273 /* FirebaseAuth */,
				D8B0DCAF2888541C00F42273 /* FirebaseFirestore */,
			);
			productName = ATM_FirebaseDB;
			productReference = D8B0DC99288850A800F42273 /* ATM_FirebaseDB.app */;
			productType = "com.apple.product-type.application";
		};
/* End PBXNativeTarget section */

/* Begin PBXProject section */
		D8B0DC91288850A700F42273 /* Project object */ = {
			isa = PBXProject;
			attributes = {
				BuildIndependentTargetsInParallel = 1;
				LastSwiftUpdateCheck = 1330;
				LastUpgradeCheck = 1330;
				TargetAttributes = {
					D8B0DC98288850A800F42273 = {
						CreatedOnToolsVersion = 13.3;
					};
				};
			};
			buildConfigurationList = D8B0DC94288850A700F42273 /* Build configuration list for PBXProject "ATM_FirebaseDB" */;
			compatibilityVersion = "Xcode 13.0";
			developmentRegion = en;
			hasScannedForEncodings = 0;
			knownRegions = (
				en,
				Base,
			);
			mainGroup = D8B0DC90288850A700F42273;
			packageReferences = (
				D8B0DCAC2888541C00F42273 /* XCRemoteSwiftPackageReference "firebase-ios-sdk" */,
			);
			productRefGroup = D8B0DC9A288850A800F42273 /* Products */;
			projectDirPath = "";
			projectRoot = "";
			targets = (
				D8B0DC98288850A800F42273 /* ATM_FirebaseDB */,
			);
		};
/* End PBXProject section */

/* Begin PBXResourcesBuildPhase section */
		D8B0DC97288850A800F42273 /* Resources */ = {
			isa = PBXResourcesBuildPhase;
			buildActionMask = 2147483647;
			files = (
				D8B0DCA4288850A900F42273 /* Preview Assets.xcassets in Resources */,
				D8B0DCA1288850A900F42273 /* Assets.xcassets in Resources */,
				D8B0DCAB2888532500F42273 /* GoogleService-Info.plist in Resources */,
			);
			runOnlyForDeploymentPostprocessing = 0;
		};
/* End PBXResourcesBuildPhase section */

/* Begin PBXSourcesBuildPhase section */
		D8B0DC95288850A800F42273 /* Sources */ = {
			isa = PBXSourcesBuildPhase;
			buildActionMask = 2147483647;
			files = (
				D88C7F0F288A93D8009C4064 /* LoginModel.swift in Sources */,
				D8B0FA032889225A00F250E7 /* LoginView.swift in Sources */,
				D8B0FA052889238700F250E7 /* RegisterNewUserView.swift in Sources */,
				D8B0DC9D288850A800F42273 /* ATM_FirebaseDBApp.swift in Sources */,
			);
			runOnlyForDeploymentPostprocessing = 0;
		};
/* End PBXSourcesBuildPhase section */

/* Begin XCBuildConfiguration section */
		D8B0DCA5288850A900F42273 /* Debug */ = {
			isa = XCBuildConfiguration;
			buildSettings = {
				ALWAYS_SEARCH_USER_PATHS = NO;
				CLANG_ANALYZER_NONNULL = YES;
				CLANG_ANALYZER_NUMBER_OBJECT_CONVERSION = YES_AGGRESSIVE;
				CLANG_CXX_LANGUAGE_STANDARD = "gnu++17";
				CLANG_ENABLE_MODULES = YES;
				CLANG_ENABLE_OBJC_ARC = YES;
				CLANG_ENABLE_OBJC_WEAK = YES;
				CLANG_WARN_BLOCK_CAPTURE_AUTORELEASING = YES;
				CLANG_WARN_BOOL_CONVERSION = YES;
				CLANG_WARN_COMMA = YES;
				CLANG_WARN_CONSTANT_CONVERSION = YES;
				CLANG_WARN_DEPRECATED_OBJC_IMPLEMENTATIONS = YES;
				CLANG_WARN_DIRECT_OBJC_ISA_USAGE = YES_ERROR;
				CLANG_WARN_DOCUMENTATION_COMMENTS = YES;
				CLANG_WARN_EMPTY_BODY = YES;
				CLANG_WARN_ENUM_CONVERSION = YES;
				CLANG_WARN_INFINITE_RECURSION = YES;
				CLANG_WARN_INT_CONVERSION = YES;
				CLANG_WARN_NON_LITERAL_NULL_CONVERSION = YES;
				CLANG_WARN_OBJC_IMPLICIT_RETAIN_SELF = YES;
				CLANG_WARN_OBJC_LITERAL_CONVERSION = YES;
				CLANG_WARN_OBJC_ROOT_CLASS = YES_ERROR;
				CLANG_WARN_QUOTED_INCLUDE_IN_FRAMEWORK_HEADER = YES;
				CLANG_WARN_RANGE_LOOP_ANALYSIS = YES;
				CLANG_WARN_STRICT_PROTOTYPES = YES;
				CLANG_WARN_SUSPICIOUS_MOVE = YES;
				CLANG_WARN_UNGUARDED_AVAILABILITY = YES_AGGRESSIVE;
				CLANG_WARN_UNREACHABLE_CODE = YES;
				CLANG_WARN__DUPLICATE_METHOD_MATCH = YES;
				COPY_PHASE_STRIP = NO;
				DEBUG_INFORMATION_FORMAT = dwarf;
				ENABLE_STRICT_OBJC_MSGSEND = YES;
				ENABLE_TESTABILITY = YES;
				GCC_C_LANGUAGE_STANDARD = gnu11;
				GCC_DYNAMIC_NO_PIC = NO;
				GCC_NO_COMMON_BLOCKS = YES;
				GCC_OPTIMIZATION_LEVEL = 0;
				GCC_PREPROCESSOR_DEFINITIONS = (
					"DEBUG=1",
					"$(inherited)",
				);
				GCC_WARN_64_TO_32_BIT_CONVERSION = YES;
				GCC_WARN_ABOUT_RETURN_TYPE = YES_ERROR;
				GCC_WARN_UNDECLARED_SELECTOR = YES;
				GCC_WARN_UNINITIALIZED_AUTOS = YES_AGGRESSIVE;
				GCC_WARN_UNUSED_FUNCTION = YES;
				GCC_WARN_UNUSED_VARIABLE = YES;
				IPHONEOS_DEPLOYMENT_TARGET = 15.4;
				MTL_ENABLE_DEBUG_INFO = INCLUDE_SOURCE;
				MTL_FAST_MATH = YES;
				ONLY_ACTIVE_ARCH = YES;
				SDKROOT = iphoneos;
				SWIFT_ACTIVE_COMPILATION_CONDITIONS = DEBUG;
				SWIFT_OPTIMIZATION_LEVEL = "-Onone";
			};
			name = Debug;
		};
		D8B0DCA6288850A900F42273 /* Release */ = {
			isa = XCBuildConfiguration;
			buildSettings = {
				ALWAYS_SEARCH_USER_PATHS = NO;
				CLANG_ANALYZER_NONNULL = YES;
				CLANG_ANALYZER_NUMBER_OBJECT_CONVERSION = YES_AGGRESSIVE;
				CLANG_CXX_LANGUAGE_STANDARD = "gnu++17";
				CLANG_ENABLE_MODULES = YES;
				CLANG_ENABLE_OBJC_ARC = YES;
				CLANG_ENABLE_OBJC_WEAK = YES;
				CLANG_WARN_BLOCK_CAPTURE_AUTORELEASING = YES;
				CLANG_WARN_BOOL_CONVERSION = YES;
				CLANG_WARN_COMMA = YES;
				CLANG_WARN_CONSTANT_CONVERSION = YES;
				CLANG_WARN_DEPRECATED_OBJC_IMPLEMENTATIONS = YES;
				CLANG_WARN_DIRECT_OBJC_ISA_USAGE = YES_ERROR;
				CLANG_WARN_DOCUMENTATION_COMMENTS = YES;
				CLANG_WARN_EMPTY_BODY = YES;
				CLANG_WARN_ENUM_CONVERSION = YES;
				CLANG_WARN_INFINITE_RECURSION = YES;
				CLANG_WARN_INT_CONVERSION = YES;
				CLANG_WARN_NON_LITERAL_NULL_CONVERSION = YES;
				CLANG_WARN_OBJC_IMPLICIT_RETAIN_SELF = YES;
				CLANG_WARN_OBJC_LITERAL_CONVERSION = YES;
				CLANG_WARN_OBJC_ROOT_CLASS = YES_ERROR;
				CLANG_WARN_QUOTED_INCLUDE_IN_FRAMEWORK_HEADER = YES;
				CLANG_WARN_RANGE_LOOP_ANALYSIS = YES;
				CLANG_WARN_STRICT_PROTOTYPES = YES;
				CLANG_WARN_SUSPICIOUS_MOVE = YES;
				CLANG_WARN_UNGUARDED_AVAILABILITY = YES_AGGRESSIVE;
				CLANG_WARN_UNREACHABLE_CODE = YES;
				CLANG_WARN__DUPLICATE_METHOD_MATCH = YES;
				COPY_PHASE_STRIP = NO;
				DEBUG_INFORMATION_FORMAT = "dwarf-with-dsym";
				ENABLE_NS_ASSERTIONS = NO;
				ENABLE_STRICT_OBJC_MSGSEND = YES;
				GCC_C_LANGUAGE_STANDARD = gnu11;
				GCC_NO_COMMON_BLOCKS = YES;
				GCC_WARN_64_TO_32_BIT_CONVERSION = YES;
				GCC_WARN_ABOUT_RETURN_TYPE = YES_ERROR;
				GCC_WARN_UNDECLARED_SELECTOR = YES;
				GCC_WARN_UNINITIALIZED_AUTOS = YES_AGGRESSIVE;
				GCC_WARN_UNUSED_FUNCTION = YES;
				GCC_WARN_UNUSED_VARIABLE = YES;
				IPHONEOS_DEPLOYMENT_TARGET = 15.4;
				MTL_ENABLE_DEBUG_INFO = NO;
				MTL_FAST_MATH = YES;
				SDKROOT = iphoneos;
				SWIFT_COMPILATION_MODE = wholemodule;
				SWIFT_OPTIMIZATION_LEVEL = "-O";
				VALIDATE_PRODUCT = YES;
			};
			name = Release;
		};
		D8B0DCA8288850A900F42273 /* Debug */ = {
			isa = XCBuildConfiguration;
			buildSettings = {
				ASSETCATALOG_COMPILER_APPICON_NAME = AppIcon;
				ASSETCATALOG_COMPILER_GLOBAL_ACCENT_COLOR_NAME = AccentColor;
				CODE_SIGN_STYLE = Automatic;
				CURRENT_PROJECT_VERSION = 1;
				DEVELOPMENT_ASSET_PATHS = "\"ATM_FirebaseDB/Preview Content\"";
				ENABLE_PREVIEWS = YES;
				GENERATE_INFOPLIST_FILE = YES;
				INFOPLIST_KEY_UIApplicationSceneManifest_Generation = YES;
				INFOPLIST_KEY_UIApplicationSupportsIndirectInputEvents = YES;
				INFOPLIST_KEY_UILaunchScreen_Generation = YES;
				INFOPLIST_KEY_UISupportedInterfaceOrientations_iPad = "UIInterfaceOrientationPortrait UIInterfaceOrientationPortraitUpsideDown UIInterfaceOrientationLandscapeLeft UIInterfaceOrientationLandscapeRight";
				INFOPLIST_KEY_UISupportedInterfaceOrientations_iPhone = "UIInterfaceOrientationPortrait UIInterfaceOrientationLandscapeLeft UIInterfaceOrientationLandscapeRight";
				LD_RUNPATH_SEARCH_PATHS = (
					"$(inherited)",
					"@executable_path/Frameworks",
				);
				MARKETING_VERSION = 1.0;
				PRODUCT_BUNDLE_IDENTIFIER = "com.grizzowl.ATM-FirebaseDB";
				PRODUCT_NAME = "$(TARGET_NAME)";
				SWIFT_EMIT_LOC_STRINGS = YES;
				SWIFT_VERSION = 5.0;
				TARGETED_DEVICE_FAMILY = "1,2";
			};
			name = Debug;
		};
		D8B0DCA9288850A900F42273 /* Release */ = {
			isa = XCBuildConfiguration;
			buildSettings = {
				ASSETCATALOG_COMPILER_APPICON_NAME = AppIcon;
				ASSETCATALOG_COMPILER_GLOBAL_ACCENT_COLOR_NAME = AccentColor;
				CODE_SIGN_STYLE = Automatic;
				CURRENT_PROJECT_VERSION = 1;
				DEVELOPMENT_ASSET_PATHS = "\"ATM_FirebaseDB/Preview Content\"";
				ENABLE_PREVIEWS = YES;
				GENERATE_INFOPLIST_FILE = YES;
				INFOPLIST_KEY_UIApplicationSceneManifest_Generation = YES;
				INFOPLIST_KEY_UIApplicationSupportsIndirectInputEvents = YES;
				INFOPLIST_KEY_UILaunchScreen_Generation = YES;
				INFOPLIST_KEY_UISupportedInterfaceOrientations_iPad = "UIInterfaceOrientationPortrait UIInterfaceOrientationPortraitUpsideDown UIInterfaceOrientationLandscapeLeft UIInterfaceOrientationLandscapeRight";
				INFOPLIST_KEY_UISupportedInterfaceOrientations_iPhone = "UIInterfaceOrientationPortrait UIInterfaceOrientationLandscapeLeft UIInterfaceOrientationLandscapeRight";
				LD_RUNPATH_SEARCH_PATHS = (
					"$(inherited)",
					"@executable_path/Frameworks",
				);
				MARKETING_VERSION = 1.0;
				PRODUCT_BUNDLE_IDENTIFIER = "com.grizzowl.ATM-FirebaseDB";
				PRODUCT_NAME = "$(TARGET_NAME)";
				SWIFT_EMIT_LOC_STRINGS = YES;
				SWIFT_VERSION = 5.0;
				TARGETED_DEVICE_FAMILY = "1,2";
			};
			name = Release;
		};
/* End XCBuildConfiguration section */

/* Begin XCConfigurationList section */
		D8B0DC94288850A700F42273 /* Build configuration list for PBXProject "ATM_FirebaseDB" */ = {
			isa = XCConfigurationList;
			buildConfigurations = (
				D8B0DCA5288850A900F42273 /* Debug */,
				D8B0DCA6288850A900F42273 /* Release */,
			);
			defaultConfigurationIsVisible = 0;
			defaultConfigurationName = Release;
		};
		D8B0DCA7288850A900F42273 /* Build configuration list for PBXNativeTarget "ATM_FirebaseDB" */ = {
			isa = XCConfigurationList;
			buildConfigurations = (
				D8B0DCA8288850A900F42273 /* Debug */,
				D8B0DCA9288850A900F42273 /* Release */,
			);
			defaultConfigurationIsVisible = 0;
			defaultConfigurationName = Release;
		};
/* End XCConfigurationList section */

/* Begin XCRemoteSwiftPackageReference section */
		D8B0DCAC2888541C00F42273 /* XCRemoteSwiftPackageReference "firebase-ios-sdk" */ = {
			isa = XCRemoteSwiftPackageReference;
			repositoryURL = "https://github.com/firebase/firebase-ios-sdk";
			requirement = {
				kind = upToNextMajorVersion;
				minimumVersion = 9.0.0;
			};
		};
/* End XCRemoteSwiftPackageReference section */

/* Begin XCSwiftPackageProductDependency section */
		D8B0DCAD2888541C00F42273 /* FirebaseAuth */ = {
			isa = XCSwiftPackageProductDependency;
			package = D8B0DCAC2888541C00F42273 /* XCRemoteSwiftPackageReference "firebase-ios-sdk" */;
			productName = FirebaseAuth;
		};
		D8B0DCAF2888541C00F42273 /* FirebaseFirestore */ = {
			isa = XCSwiftPackageProductDependency;
			package = D8B0DCAC2888541C00F42273 /* XCRemoteSwiftPackageReference "firebase-ios-sdk" */;
			productName = FirebaseFirestore;
		};
/* End XCSwiftPackageProductDependency section */
	};
	rootObject = D8B0DC91288850A700F42273 /* Project object */;
}
